
Microsoft Visual Studio Solution File, Format Version 12.00
# Visual Studio Version 16
VisualStudioVersion = 16.0.30011.22
MinimumVisualStudioVersion = 10.0.40219.1
Project("{FAE04EC0-301F-11D3-BF4B-00C04F79EFBC}") = "Shop App", "Shop App\Shop App.csproj", "{026DCF0F-0B24-4E5B-95E1-009AE1A678FC}"
EndProject
Global
	GlobalSection(SolutionConfigurationPlatforms) = preSolution
		Debug|Any CPU = Debug|Any CPU
		Release|Any CPU = Release|Any CPU
	EndGlobalSection
	GlobalSection(ProjectConfigurationPlatforms) = postSolution
		{026DCF0F-0B24-4E5B-95E1-009AE1A678FC}.Debug|Any CPU.ActiveCfg = Debug|Any CPU
		{026DCF0F-0B24-4E5B-95E1-009AE1A678FC}.Debug|Any CPU.Build.0 = Debug|Any CPU
		{026DCF0F-0B24-4E5B-95E1-009AE1A678FC}.Release|Any CPU.ActiveCfg = Release|Any CPU
		{026DCF0F-0B24-4E5B-95E1-009AE1A678FC}.Release|Any CPU.Build.0 = Release|Any CPU
	EndGlobalSection
	GlobalSection(SolutionProperties) = preSolution
		HideSolutionNode = FALSE
	EndGlobalSection
	GlobalSection(ExtensibilityGlobals) = postSolution
		SolutionGuid = {BD61B98C-13D8-40AC-B577-1650DC8D08A5}
	EndGlobalSection
EndGlobal
